
Microsoft Visual Studio Solution File, Format Version 12.00
# Visual Studio Version 17
VisualStudioVersion = 17.6.33815.320
MinimumVisualStudioVersion = 10.0.40219.1
Project("{9A19103F-16F7-4668-BE54-9A1E7A4F7556}") = "Entity", "Entity\Entity.csproj", "{EAF6B180-2DDE-4245-8816-646138DDAE09}"
EndProject
Project("{9A19103F-16F7-4668-BE54-9A1E7A4F7556}") = "Services", "Services\Services.csproj", "{0ACA34CC-9246-49CD-9B2D-B3C89593567D}"
EndProject
Project("{9A19103F-16F7-4668-BE54-9A1E7A4F7556}") = "Repository", "Repository\Repository.csproj", "{8BF3751B-EF60-4712-8AB7-7BF192AA6367}"
EndProject
Project("{9A19103F-16F7-4668-BE54-9A1E7A4F7556}") = "DTO", "DTO\DTO.csproj", "{E9ACE9EC-2BC6-4375-88A5-2F572934AF16}"
EndProject
Project("{9A19103F-16F7-4668-BE54-9A1E7A4F7556}") = "TimeTracking", "TimeTrackingApp\TimeTracking.csproj", "{51B13FC3-F31E-4BDF-ADD3-47E0EA58B918}"
EndProject
Global
	GlobalSection(SolutionConfigurationPlatforms) = preSolution
		Debug|Any CPU = Debug|Any CPU
		Release|Any CPU = Release|Any CPU
	EndGlobalSection
	GlobalSection(ProjectConfigurationPlatforms) = postSolution
		{EAF6B180-2DDE-4245-8816-646138DDAE09}.Debug|Any CPU.ActiveCfg = Debug|Any CPU
		{EAF6B180-2DDE-4245-8816-646138DDAE09}.Debug|Any CPU.Build.0 = Debug|Any CPU
		{EAF6B180-2DDE-4245-8816-646138DDAE09}.Release|Any CPU.ActiveCfg = Release|Any CPU
		{EAF6B180-2DDE-4245-8816-646138DDAE09}.Release|Any CPU.Build.0 = Release|Any CPU
		{0ACA34CC-9246-49CD-9B2D-B3C89593567D}.Debug|Any CPU.ActiveCfg = Debug|Any CPU
		{0ACA34CC-9246-49CD-9B2D-B3C89593567D}.Debug|Any CPU.Build.0 = Debug|Any CPU
		{0ACA34CC-9246-49CD-9B2D-B3C89593567D}.Release|Any CPU.ActiveCfg = Release|Any CPU
		{0ACA34CC-9246-49CD-9B2D-B3C89593567D}.Release|Any CPU.Build.0 = Release|Any CPU
		{8BF3751B-EF60-4712-8AB7-7BF192AA6367}.Debug|Any CPU.ActiveCfg = Debug|Any CPU
		{8BF3751B-EF60-4712-8AB7-7BF192AA6367}.Debug|Any CPU.Build.0 = Debug|Any CPU
		{8BF3751B-EF60-4712-8AB7-7BF192AA6367}.Release|Any CPU.ActiveCfg = Release|Any CPU
		{8BF3751B-EF60-4712-8AB7-7BF192AA6367}.Release|Any CPU.Build.0 = Release|Any CPU
		{E9ACE9EC-2BC6-4375-88A5-2F572934AF16}.Debug|Any CPU.ActiveCfg = Debug|Any CPU
		{E9ACE9EC-2BC6-4375-88A5-2F572934AF16}.Debug|Any CPU.Build.0 = Debug|Any CPU
		{E9ACE9EC-2BC6-4375-88A5-2F572934AF16}.Release|Any CPU.ActiveCfg = Release|Any CPU
		{E9ACE9EC-2BC6-4375-88A5-2F572934AF16}.Release|Any CPU.Build.0 = Release|Any CPU
		{51B13FC3-F31E-4BDF-ADD3-47E0EA58B918}.Debug|Any CPU.ActiveCfg = Debug|Any CPU
		{51B13FC3-F31E-4BDF-ADD3-47E0EA58B918}.Debug|Any CPU.Build.0 = Debug|Any CPU
		{51B13FC3-F31E-4BDF-ADD3-47E0EA58B918}.Release|Any CPU.ActiveCfg = Release|Any CPU
		{51B13FC3-F31E-4BDF-ADD3-47E0EA58B918}.Release|Any CPU.Build.0 = Release|Any CPU
	EndGlobalSection
	GlobalSection(SolutionProperties) = preSolution
		HideSolutionNode = FALSE
	EndGlobalSection
	GlobalSection(ExtensibilityGlobals) = postSolution
		SolutionGuid = {D4DB336E-0F01-4ED8-A280-B266FA0B6770}
	EndGlobalSection
EndGlobal
