
Microsoft Visual Studio Solution File, Format Version 12.00
# Visual Studio Version 17
VisualStudioVersion = 17.6.33815.320
MinimumVisualStudioVersion = 10.0.40219.1
Project("{9A19103F-16F7-4668-BE54-9A1E7A4F7556}") = "Entity", "Entity\Entity.csproj", "{EAF6B180-2DDE-4245-8816-646138DDAE09}"
EndProject
Project("{9A19103F-16F7-4668-BE54-9A1E7A4F7556}") = "Services", "Services\Services.csproj", "{0ACA34CC-9246-49CD-9B2D-B3C89593567D}"
EndProject
Project("{9A19103F-16F7-4668-BE54-9A1E7A4F7556}") = "Repository", "Repository\Repository.csproj", "{8BF3751B-EF60-4712-8AB7-7BF192AA6367}"
EndProject
Project("{9A19103F-16F7-4668-BE54-9A1E7A4F7556}") = "DTO", "DTO\DTO.csproj", "{E9ACE9EC-2BC6-4375-88A5-2F572934AF16}"
EndProject
Project("{9A19103F-16F7-4668-BE54-9A1E7A4F7556}") = "TimeTrackingWpf", "TimeTrackingWpf\TimeTrackingWpf.csproj", "{D986A84C-4E77-4BF3-AE28-11C97AE56AA8}"
EndProject
Project("{9A19103F-16F7-4668-BE54-9A1E7A4F7556}") = "TimeTrackingWinForms", "TimeTrackingWinForms\TimeTrackingWinForms.csproj", "{8BA81196-CEFE-4A09-B29C-2BD3E6CE9A9A}"
EndProject
Project("{FAE04EC0-301F-11D3-BF4B-00C04F79EFBC}") = "DIFactory", "DIFactory\DIFactory.csproj", "{BF38A29A-8642-4AFE-B757-357D8FF4CF28}"
EndProject
Project("{FAE04EC0-301F-11D3-BF4B-00C04F79EFBC}") = "ExcelGenerator", "ExcelGenerator\ExcelGenerator.csproj", "{21E5DD44-621C-4E8E-9A90-F367DB3799CB}"
EndProject
Global
	GlobalSection(SolutionConfigurationPlatforms) = preSolution
		Debug|Any CPU = Debug|Any CPU
		Debug|ARM = Debug|ARM
		Debug|ARM64 = Debug|ARM64
		Debug|x64 = Debug|x64
		Debug|x86 = Debug|x86
		Release|Any CPU = Release|Any CPU
		Release|ARM = Release|ARM
		Release|ARM64 = Release|ARM64
		Release|x64 = Release|x64
		Release|x86 = Release|x86
	EndGlobalSection
	GlobalSection(ProjectConfigurationPlatforms) = postSolution
		{EAF6B180-2DDE-4245-8816-646138DDAE09}.Debug|Any CPU.ActiveCfg = Debug|Any CPU
		{EAF6B180-2DDE-4245-8816-646138DDAE09}.Debug|Any CPU.Build.0 = Debug|Any CPU
		{EAF6B180-2DDE-4245-8816-646138DDAE09}.Debug|ARM.ActiveCfg = Debug|Any CPU
		{EAF6B180-2DDE-4245-8816-646138DDAE09}.Debug|ARM.Build.0 = Debug|Any CPU
		{EAF6B180-2DDE-4245-8816-646138DDAE09}.Debug|ARM64.ActiveCfg = Debug|Any CPU
		{EAF6B180-2DDE-4245-8816-646138DDAE09}.Debug|ARM64.Build.0 = Debug|Any CPU
		{EAF6B180-2DDE-4245-8816-646138DDAE09}.Debug|x64.ActiveCfg = Debug|Any CPU
		{EAF6B180-2DDE-4245-8816-646138DDAE09}.Debug|x64.Build.0 = Debug|Any CPU
		{EAF6B180-2DDE-4245-8816-646138DDAE09}.Debug|x86.ActiveCfg = Debug|Any CPU
		{EAF6B180-2DDE-4245-8816-646138DDAE09}.Debug|x86.Build.0 = Debug|Any CPU
		{EAF6B180-2DDE-4245-8816-646138DDAE09}.Release|Any CPU.ActiveCfg = Release|Any CPU
		{EAF6B180-2DDE-4245-8816-646138DDAE09}.Release|Any CPU.Build.0 = Release|Any CPU
		{EAF6B180-2DDE-4245-8816-646138DDAE09}.Release|ARM.ActiveCfg = Release|Any CPU
		{EAF6B180-2DDE-4245-8816-646138DDAE09}.Release|ARM.Build.0 = Release|Any CPU
		{EAF6B180-2DDE-4245-8816-646138DDAE09}.Release|ARM64.ActiveCfg = Release|Any CPU
		{EAF6B180-2DDE-4245-8816-646138DDAE09}.Release|ARM64.Build.0 = Release|Any CPU
		{EAF6B180-2DDE-4245-8816-646138DDAE09}.Release|x64.ActiveCfg = Release|Any CPU
		{EAF6B180-2DDE-4245-8816-646138DDAE09}.Release|x64.Build.0 = Release|Any CPU
		{EAF6B180-2DDE-4245-8816-646138DDAE09}.Release|x86.ActiveCfg = Release|Any CPU
		{EAF6B180-2DDE-4245-8816-646138DDAE09}.Release|x86.Build.0 = Release|Any CPU
		{0ACA34CC-9246-49CD-9B2D-B3C89593567D}.Debug|Any CPU.ActiveCfg = Debug|Any CPU
		{0ACA34CC-9246-49CD-9B2D-B3C89593567D}.Debug|Any CPU.Build.0 = Debug|Any CPU
		{0ACA34CC-9246-49CD-9B2D-B3C89593567D}.Debug|ARM.ActiveCfg = Debug|Any CPU
		{0ACA34CC-9246-49CD-9B2D-B3C89593567D}.Debug|ARM.Build.0 = Debug|Any CPU
		{0ACA34CC-9246-49CD-9B2D-B3C89593567D}.Debug|ARM64.ActiveCfg = Debug|Any CPU
		{0ACA34CC-9246-49CD-9B2D-B3C89593567D}.Debug|ARM64.Build.0 = Debug|Any CPU
		{0ACA34CC-9246-49CD-9B2D-B3C89593567D}.Debug|x64.ActiveCfg = Debug|Any CPU
		{0ACA34CC-9246-49CD-9B2D-B3C89593567D}.Debug|x64.Build.0 = Debug|Any CPU
		{0ACA34CC-9246-49CD-9B2D-B3C89593567D}.Debug|x86.ActiveCfg = Debug|Any CPU
		{0ACA34CC-9246-49CD-9B2D-B3C89593567D}.Debug|x86.Build.0 = Debug|Any CPU
		{0ACA34CC-9246-49CD-9B2D-B3C89593567D}.Release|Any CPU.ActiveCfg = Release|Any CPU
		{0ACA34CC-9246-49CD-9B2D-B3C89593567D}.Release|Any CPU.Build.0 = Release|Any CPU
		{0ACA34CC-9246-49CD-9B2D-B3C89593567D}.Release|ARM.ActiveCfg = Release|Any CPU
		{0ACA34CC-9246-49CD-9B2D-B3C89593567D}.Release|ARM.Build.0 = Release|Any CPU
		{0ACA34CC-9246-49CD-9B2D-B3C89593567D}.Release|ARM64.ActiveCfg = Release|Any CPU
		{0ACA34CC-9246-49CD-9B2D-B3C89593567D}.Release|ARM64.Build.0 = Release|Any CPU
		{0ACA34CC-9246-49CD-9B2D-B3C89593567D}.Release|x64.ActiveCfg = Release|Any CPU
		{0ACA34CC-9246-49CD-9B2D-B3C89593567D}.Release|x64.Build.0 = Release|Any CPU
		{0ACA34CC-9246-49CD-9B2D-B3C89593567D}.Release|x86.ActiveCfg = Release|Any CPU
		{0ACA34CC-9246-49CD-9B2D-B3C89593567D}.Release|x86.Build.0 = Release|Any CPU
		{8BF3751B-EF60-4712-8AB7-7BF192AA6367}.Debug|Any CPU.ActiveCfg = Debug|Any CPU
		{8BF3751B-EF60-4712-8AB7-7BF192AA6367}.Debug|Any CPU.Build.0 = Debug|Any CPU
		{8BF3751B-EF60-4712-8AB7-7BF192AA6367}.Debug|ARM.ActiveCfg = Debug|Any CPU
		{8BF3751B-EF60-4712-8AB7-7BF192AA6367}.Debug|ARM.Build.0 = Debug|Any CPU
		{8BF3751B-EF60-4712-8AB7-7BF192AA6367}.Debug|ARM64.ActiveCfg = Debug|Any CPU
		{8BF3751B-EF60-4712-8AB7-7BF192AA6367}.Debug|ARM64.Build.0 = Debug|Any CPU
		{8BF3751B-EF60-4712-8AB7-7BF192AA6367}.Debug|x64.ActiveCfg = Debug|Any CPU
		{8BF3751B-EF60-4712-8AB7-7BF192AA6367}.Debug|x64.Build.0 = Debug|Any CPU
		{8BF3751B-EF60-4712-8AB7-7BF192AA6367}.Debug|x86.ActiveCfg = Debug|Any CPU
		{8BF3751B-EF60-4712-8AB7-7BF192AA6367}.Debug|x86.Build.0 = Debug|Any CPU
		{8BF3751B-EF60-4712-8AB7-7BF192AA6367}.Release|Any CPU.ActiveCfg = Release|Any CPU
		{8BF3751B-EF60-4712-8AB7-7BF192AA6367}.Release|Any CPU.Build.0 = Release|Any CPU
		{8BF3751B-EF60-4712-8AB7-7BF192AA6367}.Release|ARM.ActiveCfg = Release|Any CPU
		{8BF3751B-EF60-4712-8AB7-7BF192AA6367}.Release|ARM.Build.0 = Release|Any CPU
		{8BF3751B-EF60-4712-8AB7-7BF192AA6367}.Release|ARM64.ActiveCfg = Release|Any CPU
		{8BF3751B-EF60-4712-8AB7-7BF192AA6367}.Release|ARM64.Build.0 = Release|Any CPU
		{8BF3751B-EF60-4712-8AB7-7BF192AA6367}.Release|x64.ActiveCfg = Release|Any CPU
		{8BF3751B-EF60-4712-8AB7-7BF192AA6367}.Release|x64.Build.0 = Release|Any CPU
		{8BF3751B-EF60-4712-8AB7-7BF192AA6367}.Release|x86.ActiveCfg = Release|Any CPU
		{8BF3751B-EF60-4712-8AB7-7BF192AA6367}.Release|x86.Build.0 = Release|Any CPU
		{E9ACE9EC-2BC6-4375-88A5-2F572934AF16}.Debug|Any CPU.ActiveCfg = Debug|Any CPU
		{E9ACE9EC-2BC6-4375-88A5-2F572934AF16}.Debug|Any CPU.Build.0 = Debug|Any CPU
		{E9ACE9EC-2BC6-4375-88A5-2F572934AF16}.Debug|ARM.ActiveCfg = Debug|Any CPU
		{E9ACE9EC-2BC6-4375-88A5-2F572934AF16}.Debug|ARM.Build.0 = Debug|Any CPU
		{E9ACE9EC-2BC6-4375-88A5-2F572934AF16}.Debug|ARM64.ActiveCfg = Debug|Any CPU
		{E9ACE9EC-2BC6-4375-88A5-2F572934AF16}.Debug|ARM64.Build.0 = Debug|Any CPU
		{E9ACE9EC-2BC6-4375-88A5-2F572934AF16}.Debug|x64.ActiveCfg = Debug|Any CPU
		{E9ACE9EC-2BC6-4375-88A5-2F572934AF16}.Debug|x64.Build.0 = Debug|Any CPU
		{E9ACE9EC-2BC6-4375-88A5-2F572934AF16}.Debug|x86.ActiveCfg = Debug|Any CPU
		{E9ACE9EC-2BC6-4375-88A5-2F572934AF16}.Debug|x86.Build.0 = Debug|Any CPU
		{E9ACE9EC-2BC6-4375-88A5-2F572934AF16}.Release|Any CPU.ActiveCfg = Release|Any CPU
		{E9ACE9EC-2BC6-4375-88A5-2F572934AF16}.Release|Any CPU.Build.0 = Release|Any CPU
		{E9ACE9EC-2BC6-4375-88A5-2F572934AF16}.Release|ARM.ActiveCfg = Release|Any CPU
		{E9ACE9EC-2BC6-4375-88A5-2F572934AF16}.Release|ARM.Build.0 = Release|Any CPU
		{E9ACE9EC-2BC6-4375-88A5-2F572934AF16}.Release|ARM64.ActiveCfg = Release|Any CPU
		{E9ACE9EC-2BC6-4375-88A5-2F572934AF16}.Release|ARM64.Build.0 = Release|Any CPU
		{E9ACE9EC-2BC6-4375-88A5-2F572934AF16}.Release|x64.ActiveCfg = Release|Any CPU
		{E9ACE9EC-2BC6-4375-88A5-2F572934AF16}.Release|x64.Build.0 = Release|Any CPU
		{E9ACE9EC-2BC6-4375-88A5-2F572934AF16}.Release|x86.ActiveCfg = Release|Any CPU
		{E9ACE9EC-2BC6-4375-88A5-2F572934AF16}.Release|x86.Build.0 = Release|Any CPU
		{D986A84C-4E77-4BF3-AE28-11C97AE56AA8}.Debug|Any CPU.ActiveCfg = Debug|Any CPU
		{D986A84C-4E77-4BF3-AE28-11C97AE56AA8}.Debug|Any CPU.Build.0 = Debug|Any CPU
		{D986A84C-4E77-4BF3-AE28-11C97AE56AA8}.Debug|ARM.ActiveCfg = Debug|Any CPU
		{D986A84C-4E77-4BF3-AE28-11C97AE56AA8}.Debug|ARM.Build.0 = Debug|Any CPU
		{D986A84C-4E77-4BF3-AE28-11C97AE56AA8}.Debug|ARM64.ActiveCfg = Debug|Any CPU
		{D986A84C-4E77-4BF3-AE28-11C97AE56AA8}.Debug|ARM64.Build.0 = Debug|Any CPU
		{D986A84C-4E77-4BF3-AE28-11C97AE56AA8}.Debug|x64.ActiveCfg = Debug|Any CPU
		{D986A84C-4E77-4BF3-AE28-11C97AE56AA8}.Debug|x64.Build.0 = Debug|Any CPU
		{D986A84C-4E77-4BF3-AE28-11C97AE56AA8}.Debug|x86.ActiveCfg = Debug|Any CPU
		{D986A84C-4E77-4BF3-AE28-11C97AE56AA8}.Debug|x86.Build.0 = Debug|Any CPU
		{D986A84C-4E77-4BF3-AE28-11C97AE56AA8}.Release|Any CPU.ActiveCfg = Release|Any CPU
		{D986A84C-4E77-4BF3-AE28-11C97AE56AA8}.Release|Any CPU.Build.0 = Release|Any CPU
		{D986A84C-4E77-4BF3-AE28-11C97AE56AA8}.Release|ARM.ActiveCfg = Release|Any CPU
		{D986A84C-4E77-4BF3-AE28-11C97AE56AA8}.Release|ARM.Build.0 = Release|Any CPU
		{D986A84C-4E77-4BF3-AE28-11C97AE56AA8}.Release|ARM64.ActiveCfg = Release|Any CPU
		{D986A84C-4E77-4BF3-AE28-11C97AE56AA8}.Release|ARM64.Build.0 = Release|Any CPU
		{D986A84C-4E77-4BF3-AE28-11C97AE56AA8}.Release|x64.ActiveCfg = Release|Any CPU
		{D986A84C-4E77-4BF3-AE28-11C97AE56AA8}.Release|x64.Build.0 = Release|Any CPU
		{D986A84C-4E77-4BF3-AE28-11C97AE56AA8}.Release|x86.ActiveCfg = Release|Any CPU
		{D986A84C-4E77-4BF3-AE28-11C97AE56AA8}.Release|x86.Build.0 = Release|Any CPU
		{8BA81196-CEFE-4A09-B29C-2BD3E6CE9A9A}.Debug|Any CPU.ActiveCfg = Debug|Any CPU
		{8BA81196-CEFE-4A09-B29C-2BD3E6CE9A9A}.Debug|Any CPU.Build.0 = Debug|Any CPU
		{8BA81196-CEFE-4A09-B29C-2BD3E6CE9A9A}.Debug|ARM.ActiveCfg = Debug|Any CPU
		{8BA81196-CEFE-4A09-B29C-2BD3E6CE9A9A}.Debug|ARM.Build.0 = Debug|Any CPU
		{8BA81196-CEFE-4A09-B29C-2BD3E6CE9A9A}.Debug|ARM64.ActiveCfg = Debug|Any CPU
		{8BA81196-CEFE-4A09-B29C-2BD3E6CE9A9A}.Debug|ARM64.Build.0 = Debug|Any CPU
		{8BA81196-CEFE-4A09-B29C-2BD3E6CE9A9A}.Debug|x64.ActiveCfg = Debug|Any CPU
		{8BA81196-CEFE-4A09-B29C-2BD3E6CE9A9A}.Debug|x64.Build.0 = Debug|Any CPU
		{8BA81196-CEFE-4A09-B29C-2BD3E6CE9A9A}.Debug|x86.ActiveCfg = Debug|Any CPU
		{8BA81196-CEFE-4A09-B29C-2BD3E6CE9A9A}.Debug|x86.Build.0 = Debug|Any CPU
		{8BA81196-CEFE-4A09-B29C-2BD3E6CE9A9A}.Release|Any CPU.ActiveCfg = Release|Any CPU
		{8BA81196-CEFE-4A09-B29C-2BD3E6CE9A9A}.Release|Any CPU.Build.0 = Release|Any CPU
		{8BA81196-CEFE-4A09-B29C-2BD3E6CE9A9A}.Release|ARM.ActiveCfg = Release|Any CPU
		{8BA81196-CEFE-4A09-B29C-2BD3E6CE9A9A}.Release|ARM.Build.0 = Release|Any CPU
		{8BA81196-CEFE-4A09-B29C-2BD3E6CE9A9A}.Release|ARM64.ActiveCfg = Release|Any CPU
		{8BA81196-CEFE-4A09-B29C-2BD3E6CE9A9A}.Release|ARM64.Build.0 = Release|Any CPU
		{8BA81196-CEFE-4A09-B29C-2BD3E6CE9A9A}.Release|x64.ActiveCfg = Release|Any CPU
		{8BA81196-CEFE-4A09-B29C-2BD3E6CE9A9A}.Release|x64.Build.0 = Release|Any CPU
		{8BA81196-CEFE-4A09-B29C-2BD3E6CE9A9A}.Release|x86.ActiveCfg = Release|Any CPU
		{8BA81196-CEFE-4A09-B29C-2BD3E6CE9A9A}.Release|x86.Build.0 = Release|Any CPU
		{BF38A29A-8642-4AFE-B757-357D8FF4CF28}.Debug|Any CPU.ActiveCfg = Debug|Any CPU
		{BF38A29A-8642-4AFE-B757-357D8FF4CF28}.Debug|Any CPU.Build.0 = Debug|Any CPU
		{BF38A29A-8642-4AFE-B757-357D8FF4CF28}.Debug|ARM.ActiveCfg = Debug|Any CPU
		{BF38A29A-8642-4AFE-B757-357D8FF4CF28}.Debug|ARM.Build.0 = Debug|Any CPU
		{BF38A29A-8642-4AFE-B757-357D8FF4CF28}.Debug|ARM64.ActiveCfg = Debug|Any CPU
		{BF38A29A-8642-4AFE-B757-357D8FF4CF28}.Debug|ARM64.Build.0 = Debug|Any CPU
		{BF38A29A-8642-4AFE-B757-357D8FF4CF28}.Debug|x64.ActiveCfg = Debug|Any CPU
		{BF38A29A-8642-4AFE-B757-357D8FF4CF28}.Debug|x64.Build.0 = Debug|Any CPU
		{BF38A29A-8642-4AFE-B757-357D8FF4CF28}.Debug|x86.ActiveCfg = Debug|Any CPU
		{BF38A29A-8642-4AFE-B757-357D8FF4CF28}.Debug|x86.Build.0 = Debug|Any CPU
		{BF38A29A-8642-4AFE-B757-357D8FF4CF28}.Release|Any CPU.ActiveCfg = Release|Any CPU
		{BF38A29A-8642-4AFE-B757-357D8FF4CF28}.Release|Any CPU.Build.0 = Release|Any CPU
		{BF38A29A-8642-4AFE-B757-357D8FF4CF28}.Release|ARM.ActiveCfg = Release|Any CPU
		{BF38A29A-8642-4AFE-B757-357D8FF4CF28}.Release|ARM.Build.0 = Release|Any CPU
		{BF38A29A-8642-4AFE-B757-357D8FF4CF28}.Release|ARM64.ActiveCfg = Release|Any CPU
		{BF38A29A-8642-4AFE-B757-357D8FF4CF28}.Release|ARM64.Build.0 = Release|Any CPU
		{BF38A29A-8642-4AFE-B757-357D8FF4CF28}.Release|x64.ActiveCfg = Release|Any CPU
		{BF38A29A-8642-4AFE-B757-357D8FF4CF28}.Release|x64.Build.0 = Release|Any CPU
		{BF38A29A-8642-4AFE-B757-357D8FF4CF28}.Release|x86.ActiveCfg = Release|Any CPU
		{BF38A29A-8642-4AFE-B757-357D8FF4CF28}.Release|x86.Build.0 = Release|Any CPU
		{21E5DD44-621C-4E8E-9A90-F367DB3799CB}.Debug|Any CPU.ActiveCfg = Debug|Any CPU
		{21E5DD44-621C-4E8E-9A90-F367DB3799CB}.Debug|Any CPU.Build.0 = Debug|Any CPU
		{21E5DD44-621C-4E8E-9A90-F367DB3799CB}.Debug|ARM.ActiveCfg = Debug|Any CPU
		{21E5DD44-621C-4E8E-9A90-F367DB3799CB}.Debug|ARM.Build.0 = Debug|Any CPU
		{21E5DD44-621C-4E8E-9A90-F367DB3799CB}.Debug|ARM64.ActiveCfg = Debug|Any CPU
		{21E5DD44-621C-4E8E-9A90-F367DB3799CB}.Debug|ARM64.Build.0 = Debug|Any CPU
		{21E5DD44-621C-4E8E-9A90-F367DB3799CB}.Debug|x64.ActiveCfg = Debug|Any CPU
		{21E5DD44-621C-4E8E-9A90-F367DB3799CB}.Debug|x64.Build.0 = Debug|Any CPU
		{21E5DD44-621C-4E8E-9A90-F367DB3799CB}.Debug|x86.ActiveCfg = Debug|Any CPU
		{21E5DD44-621C-4E8E-9A90-F367DB3799CB}.Debug|x86.Build.0 = Debug|Any CPU
		{21E5DD44-621C-4E8E-9A90-F367DB3799CB}.Release|Any CPU.ActiveCfg = Release|Any CPU
		{21E5DD44-621C-4E8E-9A90-F367DB3799CB}.Release|Any CPU.Build.0 = Release|Any CPU
		{21E5DD44-621C-4E8E-9A90-F367DB3799CB}.Release|ARM.ActiveCfg = Release|Any CPU
		{21E5DD44-621C-4E8E-9A90-F367DB3799CB}.Release|ARM.Build.0 = Release|Any CPU
		{21E5DD44-621C-4E8E-9A90-F367DB3799CB}.Release|ARM64.ActiveCfg = Release|Any CPU
		{21E5DD44-621C-4E8E-9A90-F367DB3799CB}.Release|ARM64.Build.0 = Release|Any CPU
		{21E5DD44-621C-4E8E-9A90-F367DB3799CB}.Release|x64.ActiveCfg = Release|Any CPU
		{21E5DD44-621C-4E8E-9A90-F367DB3799CB}.Release|x64.Build.0 = Release|Any CPU
		{21E5DD44-621C-4E8E-9A90-F367DB3799CB}.Release|x86.ActiveCfg = Release|Any CPU
		{21E5DD44-621C-4E8E-9A90-F367DB3799CB}.Release|x86.Build.0 = Release|Any CPU
	EndGlobalSection
	GlobalSection(SolutionProperties) = preSolution
		HideSolutionNode = FALSE
	EndGlobalSection
	GlobalSection(ExtensibilityGlobals) = postSolution
		SolutionGuid = {D4DB336E-0F01-4ED8-A280-B266FA0B6770}
	EndGlobalSection
EndGlobal
